{
  "name": "auth0-authz-extension",
  "version": "2.8.1",
  "lockfileVersion": 1,
  "requires": true,
  "dependencies": {
    "bluebird": {
      "version": "3.5.5",
      "resolved": "https://a0us.jfrog.io/a0us/api/npm/npm/bluebird/-/bluebird-3.5.5.tgz",
      "integrity": "sha1-qNCv1zJR7/u9X+OEp31zADwXpx8="
    }
  }
}
